
Microsoft Visual Studio Solution File, Format Version 12.00
# Visual Studio Version 16
VisualStudioVersion = 16.0.31729.503
MinimumVisualStudioVersion = 10.0.40219.1
Project("{FAE04EC0-301F-11D3-BF4B-00C04F79EFBC}") = "PaymentAPIMysql", "PaymentAPIMysql.csproj", "{51287420-CB41-4D51-A578-3B5004AC15AD}"
EndProject
Global
	GlobalSection(SolutionConfigurationPlatforms) = preSolution
		Debug|Any CPU = Debug|Any CPU
		Release|Any CPU = Release|Any CPU
	EndGlobalSection
	GlobalSection(ProjectConfigurationPlatforms) = postSolution
		{51287420-CB41-4D51-A578-3B5004AC15AD}.Debug|Any CPU.ActiveCfg = Debug|Any CPU
		{51287420-CB41-4D51-A578-3B5004AC15AD}.Debug|Any CPU.Build.0 = Debug|Any CPU
		{51287420-CB41-4D51-A578-3B5004AC15AD}.Release|Any CPU.ActiveCfg = Release|Any CPU
		{51287420-CB41-4D51-A578-3B5004AC15AD}.Release|Any CPU.Build.0 = Release|Any CPU
	EndGlobalSection
	GlobalSection(SolutionProperties) = preSolution
		HideSolutionNode = FALSE
	EndGlobalSection
	GlobalSection(ExtensibilityGlobals) = postSolution
		SolutionGuid = {95FBDDF9-6C2D-4160-848E-47070F7AD11A}
	EndGlobalSection
EndGlobal
